
Microsoft Visual Studio Solution File, Format Version 12.00
# Visual Studio Version 16
VisualStudioVersion = 16.0.28803.452
MinimumVisualStudioVersion = 10.0.40219.1
Project("{FAE04EC0-301F-11D3-BF4B-00C04F79EFBC}") = "CovidServiceLibrary", "CovidServiceLibrary\CovidServiceLibrary.csproj", "{8C8E8FFA-616A-40E9-8151-9833465F1575}"
EndProject
Project("{FAE04EC0-301F-11D3-BF4B-00C04F79EFBC}") = "CovidDashboard", "CovidDashboard\CovidDashboard.csproj", "{9FEEC3F0-A19F-419D-9DDD-3A75BD36F620}"
	ProjectSection(ProjectDependencies) = postProject
		{8C8E8FFA-616A-40E9-8151-9833465F1575} = {8C8E8FFA-616A-40E9-8151-9833465F1575}
	EndProjectSection
EndProject
Global
	GlobalSection(SolutionConfigurationPlatforms) = preSolution
		Debug|Any CPU = Debug|Any CPU
		Release|Any CPU = Release|Any CPU
	EndGlobalSection
	GlobalSection(ProjectConfigurationPlatforms) = postSolution
		{8C8E8FFA-616A-40E9-8151-9833465F1575}.Debug|Any CPU.ActiveCfg = Debug|Any CPU
		{8C8E8FFA-616A-40E9-8151-9833465F1575}.Debug|Any CPU.Build.0 = Debug|Any CPU
		{8C8E8FFA-616A-40E9-8151-9833465F1575}.Release|Any CPU.ActiveCfg = Release|Any CPU
		{8C8E8FFA-616A-40E9-8151-9833465F1575}.Release|Any CPU.Build.0 = Release|Any CPU
		{9FEEC3F0-A19F-419D-9DDD-3A75BD36F620}.Debug|Any CPU.ActiveCfg = Debug|Any CPU
		{9FEEC3F0-A19F-419D-9DDD-3A75BD36F620}.Debug|Any CPU.Build.0 = Debug|Any CPU
		{9FEEC3F0-A19F-419D-9DDD-3A75BD36F620}.Release|Any CPU.ActiveCfg = Release|Any CPU
		{9FEEC3F0-A19F-419D-9DDD-3A75BD36F620}.Release|Any CPU.Build.0 = Release|Any CPU
	EndGlobalSection
	GlobalSection(SolutionProperties) = preSolution
		HideSolutionNode = FALSE
	EndGlobalSection
	GlobalSection(ExtensibilityGlobals) = postSolution
		SolutionGuid = {A6CCC37A-2F8D-4D74-9934-1914A2113D4D}
	EndGlobalSection
EndGlobal
